// !$*UTF8*$!
{
	archiveVersion = 1;
	classes = {
	};
	objectVersion = 55;
	objects = {

/* Begin PBXBuildFile section */
		440A00EE28070EC100AB824D /* searchResultSampleData.json in Resources */ = {isa = PBXBuildFile; fileRef = 440A00ED28070EC100AB824D /* searchResultSampleData.json */; };
		440A00F02808002A00AB824D /* SearchViewControllerExtension.swift in Sources */ = {isa = PBXBuildFile; fileRef = 440A00EF2808002A00AB824D /* SearchViewControllerExtension.swift */; };
		440A00F828091A2200AB824D /* DateExtension.swift in Sources */ = {isa = PBXBuildFile; fileRef = 440A00F728091A2200AB824D /* DateExtension.swift */; };
		440A00FE280953FA00AB824D /* UIViewExtension.swift in Sources */ = {isa = PBXBuildFile; fileRef = 440A00FD280953FA00AB824D /* UIViewExtension.swift */; };
		440A010828096D5100AB824D /* ReviewMainViewController.swift in Sources */ = {isa = PBXBuildFile; fileRef = 440A010728096D5100AB824D /* ReviewMainViewController.swift */; };
		440A010A2809799C00AB824D /* ReviewViewModel.swift in Sources */ = {isa = PBXBuildFile; fileRef = 440A01092809799C00AB824D /* ReviewViewModel.swift */; };
		440A010C28097AC400AB824D /* Review.swift in Sources */ = {isa = PBXBuildFile; fileRef = 440A010B28097AC400AB824D /* Review.swift */; };
		44335B5B280C4F56005ECB3C /* ReviewBlockView.swift in Sources */ = {isa = PBXBuildFile; fileRef = 44335B5A280C4F56005ECB3C /* ReviewBlockView.swift */; };
		44335B5F280D85A0005ECB3C /* ShadowedImageView.swift in Sources */ = {isa = PBXBuildFile; fileRef = 44335B5E280D85A0005ECB3C /* ShadowedImageView.swift */; };
		44883913282FB398005CBC05 /* UIColorExtension.swift in Sources */ = {isa = PBXBuildFile; fileRef = 44883912282FB398005CBC05 /* UIColorExtension.swift */; };
		449A8D7B280FF57B00307E2A /* StringExtension.swift in Sources */ = {isa = PBXBuildFile; fileRef = 449A8D7A280FF57B00307E2A /* StringExtension.swift */; };
		44A9D6EE28055D6C0086C1FE /* AppDelegate.swift in Sources */ = {isa = PBXBuildFile; fileRef = 44A9D6ED28055D6C0086C1FE /* AppDelegate.swift */; };
		44A9D6F028055D6C0086C1FE /* SceneDelegate.swift in Sources */ = {isa = PBXBuildFile; fileRef = 44A9D6EF28055D6C0086C1FE /* SceneDelegate.swift */; };
		44A9D6F528055D6C0086C1FE /* Main.storyboard in Resources */ = {isa = PBXBuildFile; fileRef = 44A9D6F328055D6C0086C1FE /* Main.storyboard */; };
		44A9D6F728055D6C0086C1FE /* Assets.xcassets in Resources */ = {isa = PBXBuildFile; fileRef = 44A9D6F628055D6C0086C1FE /* Assets.xcassets */; };
		44A9D6FA28055D6C0086C1FE /* LaunchScreen.storyboard in Resources */ = {isa = PBXBuildFile; fileRef = 44A9D6F828055D6C0086C1FE /* LaunchScreen.storyboard */; };
		44A9D70E2805A4570086C1FE /* Search.storyboard in Resources */ = {isa = PBXBuildFile; fileRef = 44A9D70D2805A4570086C1FE /* Search.storyboard */; };
		44A9D7102805A4640086C1FE /* Review.storyboard in Resources */ = {isa = PBXBuildFile; fileRef = 44A9D70F2805A4640086C1FE /* Review.storyboard */; };
		44A9D7122805A46D0086C1FE /* MyPage.storyboard in Resources */ = {isa = PBXBuildFile; fileRef = 44A9D7112805A46D0086C1FE /* MyPage.storyboard */; };
		44A9D7162805B1900086C1FE /* Book.swift in Sources */ = {isa = PBXBuildFile; fileRef = 44A9D7152805B1900086C1FE /* Book.swift */; };
		44A9D7182805B1E10086C1FE /* search-home-animation.json in Resources */ = {isa = PBXBuildFile; fileRef = 44A9D7172805B1E10086C1FE /* search-home-animation.json */; };
		44A9D71E2805BAEA0086C1FE /* SearchHomeViewController.swift in Sources */ = {isa = PBXBuildFile; fileRef = 44A9D71D2805BAEA0086C1FE /* SearchHomeViewController.swift */; };
		44A9D7202805BC530086C1FE /* SearchViewController.swift in Sources */ = {isa = PBXBuildFile; fileRef = 44A9D71F2805BC530086C1FE /* SearchViewController.swift */; };
		44A9D7262806016C0086C1FE /* SuggestionCell.swift in Sources */ = {isa = PBXBuildFile; fileRef = 44A9D7242806016C0086C1FE /* SuggestionCell.swift */; };
		44A9D7272806016C0086C1FE /* SuggestionCell.xib in Resources */ = {isa = PBXBuildFile; fileRef = 44A9D7252806016C0086C1FE /* SuggestionCell.xib */; };
		44A9D7292806029E0086C1FE /* Search.swift in Sources */ = {isa = PBXBuildFile; fileRef = 44A9D7282806029E0086C1FE /* Search.swift */; };
		44A9D72D2806036E0086C1FE /* SearchViewModel.swift in Sources */ = {isa = PBXBuildFile; fileRef = 44A9D72C2806036E0086C1FE /* SearchViewModel.swift */; };
		44A9D7302806043B0086C1FE /* suggestionSampleData.json in Resources */ = {isa = PBXBuildFile; fileRef = 44A9D72F2806043B0086C1FE /* suggestionSampleData.json */; };
		44A9D73E2806CB4F0086C1FE /* SearchResultCell.swift in Sources */ = {isa = PBXBuildFile; fileRef = 44A9D73C2806CB4F0086C1FE /* SearchResultCell.swift */; };
		44BA89502827973400444F5A /* BookDetailViewController.swift in Sources */ = {isa = PBXBuildFile; fileRef = 44BA894F2827973400444F5A /* BookDetailViewController.swift */; };
		44C9240B2814C05200625662 /* UIImageViewExtension.swift in Sources */ = {isa = PBXBuildFile; fileRef = 44C9240A2814C05200625662 /* UIImageViewExtension.swift */; };
		44F4A00528252DD40042FC65 /* reviewSampleData.json in Resources */ = {isa = PBXBuildFile; fileRef = 44F4A00428252DD40042FC65 /* reviewSampleData.json */; };
		49475813953D6E22B5BA47C1 /* Pods_DwitBook.framework in Frameworks */ = {isa = PBXBuildFile; fileRef = BFC1768F8F2AFBF44AB68698 /* Pods_DwitBook.framework */; };
/* End PBXBuildFile section */

/* Begin PBXFileReference section */
		440A00ED28070EC100AB824D /* searchResultSampleData.json */ = {isa = PBXFileReference; lastKnownFileType = text.json; path = searchResultSampleData.json; sourceTree = "<group>"; };
		440A00EF2808002A00AB824D /* SearchViewControllerExtension.swift */ = {isa = PBXFileReference; lastKnownFileType = sourcecode.swift; path = SearchViewControllerExtension.swift; sourceTree = "<group>"; };
		440A00F728091A2200AB824D /* DateExtension.swift */ = {isa = PBXFileReference; lastKnownFileType = sourcecode.swift; path = DateExtension.swift; sourceTree = "<group>"; };
		440A00FD280953FA00AB824D /* UIViewExtension.swift */ = {isa = PBXFileReference; lastKnownFileType = sourcecode.swift; path = UIViewExtension.swift; sourceTree = "<group>"; };
		440A010728096D5100AB824D /* ReviewMainViewController.swift */ = {isa = PBXFileReference; lastKnownFileType = sourcecode.swift; path = ReviewMainViewController.swift; sourceTree = "<group>"; };
		440A01092809799C00AB824D /* ReviewViewModel.swift */ = {isa = PBXFileReference; lastKnownFileType = sourcecode.swift; path = ReviewViewModel.swift; sourceTree = "<group>"; };
		440A010B28097AC400AB824D /* Review.swift */ = {isa = PBXFileReference; lastKnownFileType = sourcecode.swift; path = Review.swift; sourceTree = "<group>"; };
		44335B5A280C4F56005ECB3C /* ReviewBlockView.swift */ = {isa = PBXFileReference; lastKnownFileType = sourcecode.swift; path = ReviewBlockView.swift; sourceTree = "<group>"; };
		44335B5E280D85A0005ECB3C /* ShadowedImageView.swift */ = {isa = PBXFileReference; lastKnownFileType = sourcecode.swift; path = ShadowedImageView.swift; sourceTree = "<group>"; };
		44883912282FB398005CBC05 /* UIColorExtension.swift */ = {isa = PBXFileReference; lastKnownFileType = sourcecode.swift; path = UIColorExtension.swift; sourceTree = "<group>"; };
		449A8D7A280FF57B00307E2A /* StringExtension.swift */ = {isa = PBXFileReference; lastKnownFileType = sourcecode.swift; path = StringExtension.swift; sourceTree = "<group>"; };
		44A9D6EA28055D6C0086C1FE /* DwitBook.app */ = {isa = PBXFileReference; explicitFileType = wrapper.application; includeInIndex = 0; path = DwitBook.app; sourceTree = BUILT_PRODUCTS_DIR; };
		44A9D6ED28055D6C0086C1FE /* AppDelegate.swift */ = {isa = PBXFileReference; lastKnownFileType = sourcecode.swift; path = AppDelegate.swift; sourceTree = "<group>"; };
		44A9D6EF28055D6C0086C1FE /* SceneDelegate.swift */ = {isa = PBXFileReference; lastKnownFileType = sourcecode.swift; path = SceneDelegate.swift; sourceTree = "<group>"; };
		44A9D6F428055D6C0086C1FE /* Base */ = {isa = PBXFileReference; lastKnownFileType = file.storyboard; name = Base; path = Base.lproj/Main.storyboard; sourceTree = "<group>"; };
		44A9D6F628055D6C0086C1FE /* Assets.xcassets */ = {isa = PBXFileReference; lastKnownFileType = folder.assetcatalog; path = Assets.xcassets; sourceTree = "<group>"; };
		44A9D6F928055D6C0086C1FE /* Base */ = {isa = PBXFileReference; lastKnownFileType = file.storyboard; name = Base; path = Base.lproj/LaunchScreen.storyboard; sourceTree = "<group>"; };
		44A9D6FB28055D6C0086C1FE /* Info.plist */ = {isa = PBXFileReference; lastKnownFileType = text.plist.xml; path = Info.plist; sourceTree = "<group>"; };
		44A9D70D2805A4570086C1FE /* Search.storyboard */ = {isa = PBXFileReference; lastKnownFileType = file.storyboard; path = Search.storyboard; sourceTree = "<group>"; };
		44A9D70F2805A4640086C1FE /* Review.storyboard */ = {isa = PBXFileReference; lastKnownFileType = file.storyboard; path = Review.storyboard; sourceTree = "<group>"; };
		44A9D7112805A46D0086C1FE /* MyPage.storyboard */ = {isa = PBXFileReference; lastKnownFileType = file.storyboard; path = MyPage.storyboard; sourceTree = "<group>"; };
		44A9D7152805B1900086C1FE /* Book.swift */ = {isa = PBXFileReference; lastKnownFileType = sourcecode.swift; path = Book.swift; sourceTree = "<group>"; };
		44A9D7172805B1E10086C1FE /* search-home-animation.json */ = {isa = PBXFileReference; fileEncoding = 4; lastKnownFileType = text.json; path = "search-home-animation.json"; sourceTree = "<group>"; };
		44A9D71D2805BAEA0086C1FE /* SearchHomeViewController.swift */ = {isa = PBXFileReference; lastKnownFileType = sourcecode.swift; path = SearchHomeViewController.swift; sourceTree = "<group>"; };
		44A9D71F2805BC530086C1FE /* SearchViewController.swift */ = {isa = PBXFileReference; lastKnownFileType = sourcecode.swift; path = SearchViewController.swift; sourceTree = "<group>"; };
		44A9D7242806016C0086C1FE /* SuggestionCell.swift */ = {isa = PBXFileReference; lastKnownFileType = sourcecode.swift; path = SuggestionCell.swift; sourceTree = "<group>"; };
		44A9D7252806016C0086C1FE /* SuggestionCell.xib */ = {isa = PBXFileReference; lastKnownFileType = file.xib; path = SuggestionCell.xib; sourceTree = "<group>"; };
		44A9D7282806029E0086C1FE /* Search.swift */ = {isa = PBXFileReference; lastKnownFileType = sourcecode.swift; path = Search.swift; sourceTree = "<group>"; };
		44A9D72C2806036E0086C1FE /* SearchViewModel.swift */ = {isa = PBXFileReference; lastKnownFileType = sourcecode.swift; path = SearchViewModel.swift; sourceTree = "<group>"; };
		44A9D72F2806043B0086C1FE /* suggestionSampleData.json */ = {isa = PBXFileReference; lastKnownFileType = text.json; path = suggestionSampleData.json; sourceTree = "<group>"; };
		44A9D73C2806CB4F0086C1FE /* SearchResultCell.swift */ = {isa = PBXFileReference; lastKnownFileType = sourcecode.swift; path = SearchResultCell.swift; sourceTree = "<group>"; };
		44BA894F2827973400444F5A /* BookDetailViewController.swift */ = {isa = PBXFileReference; lastKnownFileType = sourcecode.swift; path = BookDetailViewController.swift; sourceTree = "<group>"; };
		44C9240A2814C05200625662 /* UIImageViewExtension.swift */ = {isa = PBXFileReference; lastKnownFileType = sourcecode.swift; path = UIImageViewExtension.swift; sourceTree = "<group>"; };
		44F4A00428252DD40042FC65 /* reviewSampleData.json */ = {isa = PBXFileReference; lastKnownFileType = text.json; path = reviewSampleData.json; sourceTree = "<group>"; };
		685FF11405554D36AA28C2A1 /* Pods-DwitBook.debug.xcconfig */ = {isa = PBXFileReference; includeInIndex = 1; lastKnownFileType = text.xcconfig; name = "Pods-DwitBook.debug.xcconfig"; path = "Target Support Files/Pods-DwitBook/Pods-DwitBook.debug.xcconfig"; sourceTree = "<group>"; };
		BFC1768F8F2AFBF44AB68698 /* Pods_DwitBook.framework */ = {isa = PBXFileReference; explicitFileType = wrapper.framework; includeInIndex = 0; path = Pods_DwitBook.framework; sourceTree = BUILT_PRODUCTS_DIR; };
		DD71333A6A8DC6B78D43F831 /* Pods-DwitBook.release.xcconfig */ = {isa = PBXFileReference; includeInIndex = 1; lastKnownFileType = text.xcconfig; name = "Pods-DwitBook.release.xcconfig"; path = "Target Support Files/Pods-DwitBook/Pods-DwitBook.release.xcconfig"; sourceTree = "<group>"; };
/* End PBXFileReference section */

/* Begin PBXFrameworksBuildPhase section */
		44A9D6E728055D6C0086C1FE /* Frameworks */ = {
			isa = PBXFrameworksBuildPhase;
			buildActionMask = 2147483647;
			files = (
				49475813953D6E22B5BA47C1 /* Pods_DwitBook.framework in Frameworks */,
			);
			runOnlyForDeploymentPostprocessing = 0;
		};
/* End PBXFrameworksBuildPhase section */

/* Begin PBXGroup section */
		440A00F628091A1A00AB824D /* Utils */ = {
			isa = PBXGroup;
			children = (
				440A00F728091A2200AB824D /* DateExtension.swift */,
				440A00FD280953FA00AB824D /* UIViewExtension.swift */,
				449A8D7A280FF57B00307E2A /* StringExtension.swift */,
				44C9240A2814C05200625662 /* UIImageViewExtension.swift */,
				44883912282FB398005CBC05 /* UIColorExtension.swift */,
			);
			path = Utils;
			sourceTree = "<group>";
		};
		44335B59280C4F27005ECB3C /* CustomView */ = {
			isa = PBXGroup;
			children = (
				44335B5A280C4F56005ECB3C /* ReviewBlockView.swift */,
				44335B5E280D85A0005ECB3C /* ShadowedImageView.swift */,
			);
			path = CustomView;
			sourceTree = "<group>";
		};
		44A9D6E128055D6C0086C1FE = {
			isa = PBXGroup;
			children = (
				44A9D6EC28055D6C0086C1FE /* DwitBook */,
				44A9D6EB28055D6C0086C1FE /* Products */,
				F71A50426C795FD4CF84095D /* Pods */,
				5BF0AE8CC36D3A6DB0A5C914 /* Frameworks */,
			);
			sourceTree = "<group>";
		};
		44A9D6EB28055D6C0086C1FE /* Products */ = {
			isa = PBXGroup;
			children = (
				44A9D6EA28055D6C0086C1FE /* DwitBook.app */,
			);
			name = Products;
			sourceTree = "<group>";
		};
		44A9D6EC28055D6C0086C1FE /* DwitBook */ = {
			isa = PBXGroup;
			children = (
				440A00F628091A1A00AB824D /* Utils */,
				44A9D7342806A52F0086C1FE /* Resource */,
				44A9D7312806A4EE0086C1FE /* Model */,
				44A9D7322806A4F30086C1FE /* View */,
				44A9D7332806A4F80086C1FE /* ViewModel */,
				44A9D6ED28055D6C0086C1FE /* AppDelegate.swift */,
				44A9D6EF28055D6C0086C1FE /* SceneDelegate.swift */,
				44A9D6F828055D6C0086C1FE /* LaunchScreen.storyboard */,
				44A9D6F328055D6C0086C1FE /* Main.storyboard */,
				44A9D6F628055D6C0086C1FE /* Assets.xcassets */,
				44A9D6FB28055D6C0086C1FE /* Info.plist */,
			);
			path = DwitBook;
			sourceTree = "<group>";
		};
		44A9D7232806013B0086C1FE /* CustomCell */ = {
			isa = PBXGroup;
			children = (
				44A9D7242806016C0086C1FE /* SuggestionCell.swift */,
				44A9D7252806016C0086C1FE /* SuggestionCell.xib */,
				44A9D73C2806CB4F0086C1FE /* SearchResultCell.swift */,
			);
			path = CustomCell;
			sourceTree = "<group>";
		};
		44A9D72E2806041D0086C1FE /* SampleData */ = {
			isa = PBXGroup;
			children = (
				44A9D72F2806043B0086C1FE /* suggestionSampleData.json */,
				440A00ED28070EC100AB824D /* searchResultSampleData.json */,
				44F4A00428252DD40042FC65 /* reviewSampleData.json */,
			);
			path = SampleData;
			sourceTree = "<group>";
		};
		44A9D7312806A4EE0086C1FE /* Model */ = {
			isa = PBXGroup;
			children = (
				44A9D7152805B1900086C1FE /* Book.swift */,
				44A9D7282806029E0086C1FE /* Search.swift */,
				440A010B28097AC400AB824D /* Review.swift */,
			);
			path = Model;
			sourceTree = "<group>";
		};
		44A9D7322806A4F30086C1FE /* View */ = {
			isa = PBXGroup;
			children = (
				44335B59280C4F27005ECB3C /* CustomView */,
				44A9D7352806A54B0086C1FE /* Search */,
				44A9D7372806A5660086C1FE /* Review */,
				44A9D7362806A55F0086C1FE /* MyPage */,
			);
			path = View;
			sourceTree = "<group>";
		};
		44A9D7332806A4F80086C1FE /* ViewModel */ = {
			isa = PBXGroup;
			children = (
				44A9D72C2806036E0086C1FE /* SearchViewModel.swift */,
				440A01092809799C00AB824D /* ReviewViewModel.swift */,
			);
			path = ViewModel;
			sourceTree = "<group>";
		};
		44A9D7342806A52F0086C1FE /* Resource */ = {
			isa = PBXGroup;
			children = (
				44A9D7172805B1E10086C1FE /* search-home-animation.json */,
				44A9D72E2806041D0086C1FE /* SampleData */,
			);
			path = Resource;
			sourceTree = "<group>";
		};
		44A9D7352806A54B0086C1FE /* Search */ = {
			isa = PBXGroup;
			children = (
				44A9D7232806013B0086C1FE /* CustomCell */,
				44A9D70D2805A4570086C1FE /* Search.storyboard */,
				44A9D71D2805BAEA0086C1FE /* SearchHomeViewController.swift */,
				44A9D71F2805BC530086C1FE /* SearchViewController.swift */,
				440A00EF2808002A00AB824D /* SearchViewControllerExtension.swift */,
			);
			path = Search;
			sourceTree = "<group>";
		};
		44A9D7362806A55F0086C1FE /* MyPage */ = {
			isa = PBXGroup;
			children = (
				44A9D7112805A46D0086C1FE /* MyPage.storyboard */,
			);
			path = MyPage;
			sourceTree = "<group>";
		};
		44A9D7372806A5660086C1FE /* Review */ = {
			isa = PBXGroup;
			children = (
				44A9D70F2805A4640086C1FE /* Review.storyboard */,
				440A010728096D5100AB824D /* ReviewMainViewController.swift */,
				44BA894F2827973400444F5A /* BookDetailViewController.swift */,
			);
			path = Review;
			sourceTree = "<group>";
		};
		5BF0AE8CC36D3A6DB0A5C914 /* Frameworks */ = {
			isa = PBXGroup;
			children = (
				BFC1768F8F2AFBF44AB68698 /* Pods_DwitBook.framework */,
			);
			name = Frameworks;
			sourceTree = "<group>";
		};
		F71A50426C795FD4CF84095D /* Pods */ = {
			isa = PBXGroup;
			children = (
				685FF11405554D36AA28C2A1 /* Pods-DwitBook.debug.xcconfig */,
				DD71333A6A8DC6B78D43F831 /* Pods-DwitBook.release.xcconfig */,
			);
			path = Pods;
			sourceTree = "<group>";
		};
/* End PBXGroup section */

/* Begin PBXNativeTarget section */
		44A9D6E928055D6C0086C1FE /* DwitBook */ = {
			isa = PBXNativeTarget;
			buildConfigurationList = 44A9D6FE28055D6C0086C1FE /* Build configuration list for PBXNativeTarget "DwitBook" */;
			buildPhases = (
				30D5CA828622FABB9BC134AF /* [CP] Check Pods Manifest.lock */,
				44A9D6E628055D6C0086C1FE /* Sources */,
				44A9D6E728055D6C0086C1FE /* Frameworks */,
				44A9D6E828055D6C0086C1FE /* Resources */,
				01044A755A6037840E515F04 /* [CP] Embed Pods Frameworks */,
			);
			buildRules = (
			);
			dependencies = (
			);
			name = DwitBook;
			productName = DwitBook;
			productReference = 44A9D6EA28055D6C0086C1FE /* DwitBook.app */;
			productType = "com.apple.product-type.application";
		};
/* End PBXNativeTarget section */

/* Begin PBXProject section */
		44A9D6E228055D6C0086C1FE /* Project object */ = {
			isa = PBXProject;
			attributes = {
				BuildIndependentTargetsInParallel = 1;
				LastSwiftUpdateCheck = 1300;
				LastUpgradeCheck = 1300;
				TargetAttributes = {
					44A9D6E928055D6C0086C1FE = {
						CreatedOnToolsVersion = 13.0;
					};
				};
			};
			buildConfigurationList = 44A9D6E528055D6C0086C1FE /* Build configuration list for PBXProject "DwitBook" */;
			compatibilityVersion = "Xcode 13.0";
			developmentRegion = en;
			hasScannedForEncodings = 0;
			knownRegions = (
				en,
				Base,
			);
			mainGroup = 44A9D6E128055D6C0086C1FE;
			productRefGroup = 44A9D6EB28055D6C0086C1FE /* Products */;
			projectDirPath = "";
			projectRoot = "";
			targets = (
				44A9D6E928055D6C0086C1FE /* DwitBook */,
			);
		};
/* End PBXProject section */

/* Begin PBXResourcesBuildPhase section */
		44A9D6E828055D6C0086C1FE /* Resources */ = {
			isa = PBXResourcesBuildPhase;
			buildActionMask = 2147483647;
			files = (
				44A9D7102805A4640086C1FE /* Review.storyboard in Resources */,
				44A9D7122805A46D0086C1FE /* MyPage.storyboard in Resources */,
				44A9D7182805B1E10086C1FE /* search-home-animation.json in Resources */,
				44A9D7272806016C0086C1FE /* SuggestionCell.xib in Resources */,
				44A9D6FA28055D6C0086C1FE /* LaunchScreen.storyboard in Resources */,
				44A9D6F728055D6C0086C1FE /* Assets.xcassets in Resources */,
				44A9D70E2805A4570086C1FE /* Search.storyboard in Resources */,
				44A9D6F528055D6C0086C1FE /* Main.storyboard in Resources */,
				440A00EE28070EC100AB824D /* searchResultSampleData.json in Resources */,
				44F4A00528252DD40042FC65 /* reviewSampleData.json in Resources */,
				44A9D7302806043B0086C1FE /* suggestionSampleData.json in Resources */,
			);
			runOnlyForDeploymentPostprocessing = 0;
		};
/* End PBXResourcesBuildPhase section */

/* Begin PBXShellScriptBuildPhase section */
		01044A755A6037840E515F04 /* [CP] Embed Pods Frameworks */ = {
			isa = PBXShellScriptBuildPhase;
			buildActionMask = 2147483647;
			files = (
			);
			inputFileListPaths = (
				"${PODS_ROOT}/Target Support Files/Pods-DwitBook/Pods-DwitBook-frameworks-${CONFIGURATION}-input-files.xcfilelist",
			);
			name = "[CP] Embed Pods Frameworks";
			outputFileListPaths = (
				"${PODS_ROOT}/Target Support Files/Pods-DwitBook/Pods-DwitBook-frameworks-${CONFIGURATION}-output-files.xcfilelist",
			);
			runOnlyForDeploymentPostprocessing = 0;
			shellPath = /bin/sh;
			shellScript = "\"${PODS_ROOT}/Target Support Files/Pods-DwitBook/Pods-DwitBook-frameworks.sh\"\n";
			showEnvVarsInLog = 0;
		};
		30D5CA828622FABB9BC134AF /* [CP] Check Pods Manifest.lock */ = {
			isa = PBXShellScriptBuildPhase;
			buildActionMask = 2147483647;
			files = (
			);
			inputFileListPaths = (
			);
			inputPaths = (
				"${PODS_PODFILE_DIR_PATH}/Podfile.lock",
				"${PODS_ROOT}/Manifest.lock",
			);
			name = "[CP] Check Pods Manifest.lock";
			outputFileListPaths = (
			);
			outputPaths = (
				"$(DERIVED_FILE_DIR)/Pods-DwitBook-checkManifestLockResult.txt",
			);
			runOnlyForDeploymentPostprocessing = 0;
			shellPath = /bin/sh;
			shellScript = "diff \"${PODS_PODFILE_DIR_PATH}/Podfile.lock\" \"${PODS_ROOT}/Manifest.lock\" > /dev/null\nif [ $? != 0 ] ; then\n    # print error to STDERR\n    echo \"error: The sandbox is not in sync with the Podfile.lock. Run 'pod install' or update your CocoaPods installation.\" >&2\n    exit 1\nfi\n# This output is used by Xcode 'outputs' to avoid re-running this script phase.\necho \"SUCCESS\" > \"${SCRIPT_OUTPUT_FILE_0}\"\n";
			showEnvVarsInLog = 0;
		};
/* End PBXShellScriptBuildPhase section */

/* Begin PBXSourcesBuildPhase section */
		44A9D6E628055D6C0086C1FE /* Sources */ = {
			isa = PBXSourcesBuildPhase;
			buildActionMask = 2147483647;
			files = (
				44A9D7202805BC530086C1FE /* SearchViewController.swift in Sources */,
				44335B5F280D85A0005ECB3C /* ShadowedImageView.swift in Sources */,
				44A9D6EE28055D6C0086C1FE /* AppDelegate.swift in Sources */,
				44C9240B2814C05200625662 /* UIImageViewExtension.swift in Sources */,
				440A010A2809799C00AB824D /* ReviewViewModel.swift in Sources */,
				440A010828096D5100AB824D /* ReviewMainViewController.swift in Sources */,
				44A9D72D2806036E0086C1FE /* SearchViewModel.swift in Sources */,
				440A010C28097AC400AB824D /* Review.swift in Sources */,
				44883913282FB398005CBC05 /* UIColorExtension.swift in Sources */,
				44A9D73E2806CB4F0086C1FE /* SearchResultCell.swift in Sources */,
				44A9D6F028055D6C0086C1FE /* SceneDelegate.swift in Sources */,
				44335B5B280C4F56005ECB3C /* ReviewBlockView.swift in Sources */,
				44A9D7262806016C0086C1FE /* SuggestionCell.swift in Sources */,
				440A00F828091A2200AB824D /* DateExtension.swift in Sources */,
				44A9D7162805B1900086C1FE /* Book.swift in Sources */,
				44BA89502827973400444F5A /* BookDetailViewController.swift in Sources */,
				440A00FE280953FA00AB824D /* UIViewExtension.swift in Sources */,
				44A9D7292806029E0086C1FE /* Search.swift in Sources */,
				449A8D7B280FF57B00307E2A /* StringExtension.swift in Sources */,
				440A00F02808002A00AB824D /* SearchViewControllerExtension.swift in Sources */,
				44A9D71E2805BAEA0086C1FE /* SearchHomeViewController.swift in Sources */,
			);
			runOnlyForDeploymentPostprocessing = 0;
		};
/* End PBXSourcesBuildPhase section */

/* Begin PBXVariantGroup section */
		44A9D6F328055D6C0086C1FE /* Main.storyboard */ = {
			isa = PBXVariantGroup;
			children = (
				44A9D6F428055D6C0086C1FE /* Base */,
			);
			name = Main.storyboard;
			sourceTree = "<group>";
		};
		44A9D6F828055D6C0086C1FE /* LaunchScreen.storyboard */ = {
			isa = PBXVariantGroup;
			children = (
				44A9D6F928055D6C0086C1FE /* Base */,
			);
			name = LaunchScreen.storyboard;
			sourceTree = "<group>";
		};
/* End PBXVariantGroup section */

/* Begin XCBuildConfiguration section */
		44A9D6FC28055D6C0086C1FE /* Debug */ = {
			isa = XCBuildConfiguration;
			buildSettings = {
				ALWAYS_SEARCH_USER_PATHS = NO;
				CLANG_ANALYZER_NONNULL = YES;
				CLANG_ANALYZER_NUMBER_OBJECT_CONVERSION = YES_AGGRESSIVE;
				CLANG_CXX_LANGUAGE_STANDARD = "gnu++17";
				CLANG_CXX_LIBRARY = "libc++";
				CLANG_ENABLE_MODULES = YES;
				CLANG_ENABLE_OBJC_ARC = YES;
				CLANG_ENABLE_OBJC_WEAK = YES;
				CLANG_WARN_BLOCK_CAPTURE_AUTORELEASING = YES;
				CLANG_WARN_BOOL_CONVERSION = YES;
				CLANG_WARN_COMMA = YES;
				CLANG_WARN_CONSTANT_CONVERSION = YES;
				CLANG_WARN_DEPRECATED_OBJC_IMPLEMENTATIONS = YES;
				CLANG_WARN_DIRECT_OBJC_ISA_USAGE = YES_ERROR;
				CLANG_WARN_DOCUMENTATION_COMMENTS = YES;
				CLANG_WARN_EMPTY_BODY = YES;
				CLANG_WARN_ENUM_CONVERSION = YES;
				CLANG_WARN_INFINITE_RECURSION = YES;
				CLANG_WARN_INT_CONVERSION = YES;
				CLANG_WARN_NON_LITERAL_NULL_CONVERSION = YES;
				CLANG_WARN_OBJC_IMPLICIT_RETAIN_SELF = YES;
				CLANG_WARN_OBJC_LITERAL_CONVERSION = YES;
				CLANG_WARN_OBJC_ROOT_CLASS = YES_ERROR;
				CLANG_WARN_QUOTED_INCLUDE_IN_FRAMEWORK_HEADER = YES;
				CLANG_WARN_RANGE_LOOP_ANALYSIS = YES;
				CLANG_WARN_STRICT_PROTOTYPES = YES;
				CLANG_WARN_SUSPICIOUS_MOVE = YES;
				CLANG_WARN_UNGUARDED_AVAILABILITY = YES_AGGRESSIVE;
				CLANG_WARN_UNREACHABLE_CODE = YES;
				CLANG_WARN__DUPLICATE_METHOD_MATCH = YES;
				COPY_PHASE_STRIP = NO;
				DEBUG_INFORMATION_FORMAT = dwarf;
				ENABLE_STRICT_OBJC_MSGSEND = YES;
				ENABLE_TESTABILITY = YES;
				GCC_C_LANGUAGE_STANDARD = gnu11;
				GCC_DYNAMIC_NO_PIC = NO;
				GCC_NO_COMMON_BLOCKS = YES;
				GCC_OPTIMIZATION_LEVEL = 0;
				GCC_PREPROCESSOR_DEFINITIONS = (
					"DEBUG=1",
					"$(inherited)",
				);
				GCC_WARN_64_TO_32_BIT_CONVERSION = YES;
				GCC_WARN_ABOUT_RETURN_TYPE = YES_ERROR;
				GCC_WARN_UNDECLARED_SELECTOR = YES;
				GCC_WARN_UNINITIALIZED_AUTOS = YES_AGGRESSIVE;
				GCC_WARN_UNUSED_FUNCTION = YES;
				GCC_WARN_UNUSED_VARIABLE = YES;
				IPHONEOS_DEPLOYMENT_TARGET = 15.0;
				MTL_ENABLE_DEBUG_INFO = INCLUDE_SOURCE;
				MTL_FAST_MATH = YES;
				ONLY_ACTIVE_ARCH = YES;
				SDKROOT = iphoneos;
				SWIFT_ACTIVE_COMPILATION_CONDITIONS = DEBUG;
				SWIFT_OPTIMIZATION_LEVEL = "-Onone";
			};
			name = Debug;
		};
		44A9D6FD28055D6C0086C1FE /* Release */ = {
			isa = XCBuildConfiguration;
			buildSettings = {
				ALWAYS_SEARCH_USER_PATHS = NO;
				CLANG_ANALYZER_NONNULL = YES;
				CLANG_ANALYZER_NUMBER_OBJECT_CONVERSION = YES_AGGRESSIVE;
				CLANG_CXX_LANGUAGE_STANDARD = "gnu++17";
				CLANG_CXX_LIBRARY = "libc++";
				CLANG_ENABLE_MODULES = YES;
				CLANG_ENABLE_OBJC_ARC = YES;
				CLANG_ENABLE_OBJC_WEAK = YES;
				CLANG_WARN_BLOCK_CAPTURE_AUTORELEASING = YES;
				CLANG_WARN_BOOL_CONVERSION = YES;
				CLANG_WARN_COMMA = YES;
				CLANG_WARN_CONSTANT_CONVERSION = YES;
				CLANG_WARN_DEPRECATED_OBJC_IMPLEMENTATIONS = YES;
				CLANG_WARN_DIRECT_OBJC_ISA_USAGE = YES_ERROR;
				CLANG_WARN_DOCUMENTATION_COMMENTS = YES;
				CLANG_WARN_EMPTY_BODY = YES;
				CLANG_WARN_ENUM_CONVERSION = YES;
				CLANG_WARN_INFINITE_RECURSION = YES;
				CLANG_WARN_INT_CONVERSION = YES;
				CLANG_WARN_NON_LITERAL_NULL_CONVERSION = YES;
				CLANG_WARN_OBJC_IMPLICIT_RETAIN_SELF = YES;
				CLANG_WARN_OBJC_LITERAL_CONVERSION = YES;
				CLANG_WARN_OBJC_ROOT_CLASS = YES_ERROR;
				CLANG_WARN_QUOTED_INCLUDE_IN_FRAMEWORK_HEADER = YES;
				CLANG_WARN_RANGE_LOOP_ANALYSIS = YES;
				CLANG_WARN_STRICT_PROTOTYPES = YES;
				CLANG_WARN_SUSPICIOUS_MOVE = YES;
				CLANG_WARN_UNGUARDED_AVAILABILITY = YES_AGGRESSIVE;
				CLANG_WARN_UNREACHABLE_CODE = YES;
				CLANG_WARN__DUPLICATE_METHOD_MATCH = YES;
				COPY_PHASE_STRIP = NO;
				DEBUG_INFORMATION_FORMAT = "dwarf-with-dsym";
				ENABLE_NS_ASSERTIONS = NO;
				ENABLE_STRICT_OBJC_MSGSEND = YES;
				GCC_C_LANGUAGE_STANDARD = gnu11;
				GCC_NO_COMMON_BLOCKS = YES;
				GCC_WARN_64_TO_32_BIT_CONVERSION = YES;
				GCC_WARN_ABOUT_RETURN_TYPE = YES_ERROR;
				GCC_WARN_UNDECLARED_SELECTOR = YES;
				GCC_WARN_UNINITIALIZED_AUTOS = YES_AGGRESSIVE;
				GCC_WARN_UNUSED_FUNCTION = YES;
				GCC_WARN_UNUSED_VARIABLE = YES;
				IPHONEOS_DEPLOYMENT_TARGET = 15.0;
				MTL_ENABLE_DEBUG_INFO = NO;
				MTL_FAST_MATH = YES;
				SDKROOT = iphoneos;
				SWIFT_COMPILATION_MODE = wholemodule;
				SWIFT_OPTIMIZATION_LEVEL = "-O";
				VALIDATE_PRODUCT = YES;
			};
			name = Release;
		};
		44A9D6FF28055D6C0086C1FE /* Debug */ = {
			isa = XCBuildConfiguration;
			baseConfigurationReference = 685FF11405554D36AA28C2A1 /* Pods-DwitBook.debug.xcconfig */;
			buildSettings = {
				ASSETCATALOG_COMPILER_APPICON_NAME = AppIcon;
				ASSETCATALOG_COMPILER_GLOBAL_ACCENT_COLOR_NAME = AccentColor;
				CODE_SIGN_STYLE = Automatic;
				CURRENT_PROJECT_VERSION = 1;
				DEVELOPMENT_TEAM = VV2G7CU8KX;
				GENERATE_INFOPLIST_FILE = YES;
				INFOPLIST_FILE = DwitBook/Info.plist;
				INFOPLIST_KEY_CFBundleDisplayName = "뒷북";
				INFOPLIST_KEY_UIApplicationSupportsIndirectInputEvents = YES;
				INFOPLIST_KEY_UILaunchStoryboardName = LaunchScreen;
				INFOPLIST_KEY_UIMainStoryboardFile = Main;
				INFOPLIST_KEY_UISupportedInterfaceOrientations = UIInterfaceOrientationPortrait;
				INFOPLIST_KEY_UISupportedInterfaceOrientations_iPad = "UIInterfaceOrientationPortrait UIInterfaceOrientationPortraitUpsideDown UIInterfaceOrientationLandscapeLeft UIInterfaceOrientationLandscapeRight";
				INFOPLIST_KEY_UISupportedInterfaceOrientations_iPhone = UIInterfaceOrientationPortrait;
				LD_RUNPATH_SEARCH_PATHS = (
					"$(inherited)",
					"@executable_path/Frameworks",
				);
				MARKETING_VERSION = 1.0;
				PRODUCT_BUNDLE_IDENTIFIER = com.alwaysbeginners.DwitBook;
				PRODUCT_NAME = "$(TARGET_NAME)";
				SWIFT_EMIT_LOC_STRINGS = YES;
				SWIFT_VERSION = 5.0;
				TARGETED_DEVICE_FAMILY = 1;
			};
			name = Debug;
		};
		44A9D70028055D6C0086C1FE /* Release */ = {
			isa = XCBuildConfiguration;
			baseConfigurationReference = DD71333A6A8DC6B78D43F831 /* Pods-DwitBook.release.xcconfig */;
			buildSettings = {
				ASSETCATALOG_COMPILER_APPICON_NAME = AppIcon;
				ASSETCATALOG_COMPILER_GLOBAL_ACCENT_COLOR_NAME = AccentColor;
				CODE_SIGN_STYLE = Automatic;
				CURRENT_PROJECT_VERSION = 1;
				DEVELOPMENT_TEAM = VV2G7CU8KX;
				GENERATE_INFOPLIST_FILE = YES;
				INFOPLIST_FILE = DwitBook/Info.plist;
				INFOPLIST_KEY_CFBundleDisplayName = "뒷북";
				INFOPLIST_KEY_UIApplicationSupportsIndirectInputEvents = YES;
				INFOPLIST_KEY_UILaunchStoryboardName = LaunchScreen;
				INFOPLIST_KEY_UIMainStoryboardFile = Main;
				INFOPLIST_KEY_UISupportedInterfaceOrientations = UIInterfaceOrientationPortrait;
				INFOPLIST_KEY_UISupportedInterfaceOrientations_iPad = "UIInterfaceOrientationPortrait UIInterfaceOrientationPortraitUpsideDown UIInterfaceOrientationLandscapeLeft UIInterfaceOrientationLandscapeRight";
				INFOPLIST_KEY_UISupportedInterfaceOrientations_iPhone = UIInterfaceOrientationPortrait;
				LD_RUNPATH_SEARCH_PATHS = (
					"$(inherited)",
					"@executable_path/Frameworks",
				);
				MARKETING_VERSION = 1.0;
				PRODUCT_BUNDLE_IDENTIFIER = com.alwaysbeginners.DwitBook;
				PRODUCT_NAME = "$(TARGET_NAME)";
				SWIFT_EMIT_LOC_STRINGS = YES;
				SWIFT_VERSION = 5.0;
				TARGETED_DEVICE_FAMILY = 1;
			};
			name = Release;
		};
/* End XCBuildConfiguration section */

/* Begin XCConfigurationList section */
		44A9D6E528055D6C0086C1FE /* Build configuration list for PBXProject "DwitBook" */ = {
			isa = XCConfigurationList;
			buildConfigurations = (
				44A9D6FC28055D6C0086C1FE /* Debug */,
				44A9D6FD28055D6C0086C1FE /* Release */,
			);
			defaultConfigurationIsVisible = 0;
			defaultConfigurationName = Release;
		};
		44A9D6FE28055D6C0086C1FE /* Build configuration list for PBXNativeTarget "DwitBook" */ = {
			isa = XCConfigurationList;
			buildConfigurations = (
				44A9D6FF28055D6C0086C1FE /* Debug */,
				44A9D70028055D6C0086C1FE /* Release */,
			);
			defaultConfigurationIsVisible = 0;
			defaultConfigurationName = Release;
		};
/* End XCConfigurationList section */
	};
	rootObject = 44A9D6E228055D6C0086C1FE /* Project object */;
}
